// !$*UTF8*$!
{
	archiveVersion = 1;
	classes = {
	};
	objectVersion = 50;
	objects = {

/* Begin PBXBuildFile section */
		B615602324DB961D002B2D84 /* AppDelegate.m in Sources */ = {isa = PBXBuildFile; fileRef = B615602224DB961D002B2D84 /* AppDelegate.m */; };
		B615602924DB961D002B2D84 /* ViewController.m in Sources */ = {isa = PBXBuildFile; fileRef = B615602824DB961D002B2D84 /* ViewController.m */; };
		B615603424DB9621002B2D84 /* main.m in Sources */ = {isa = PBXBuildFile; fileRef = B615603324DB9621002B2D84 /* main.m */; };
		B615603D24DB982E002B2D84 /* Operation.m in Sources */ = {isa = PBXBuildFile; fileRef = B615603C24DB982E002B2D84 /* Operation.m */; };
		B6273C6F24DB9D0200892311 /* OperationSub.m in Sources */ = {isa = PBXBuildFile; fileRef = B6273C6E24DB9D0200892311 /* OperationSub.m */; };
		B6273C7224DB9D8100892311 /* OperationMul.m in Sources */ = {isa = PBXBuildFile; fileRef = B6273C7124DB9D8100892311 /* OperationMul.m */; };
		B6273C7524DB9DE300892311 /* OperationDiv.m in Sources */ = {isa = PBXBuildFile; fileRef = B6273C7424DB9DE300892311 /* OperationDiv.m */; };
		B6273C7B24DB9ECB00892311 /* OperationFactory.m in Sources */ = {isa = PBXBuildFile; fileRef = B6273C7A24DB9ECB00892311 /* OperationFactory.m */; };
		B64996A024DBB23800C9CDBA /* Assets.xcassets in Resources */ = {isa = PBXBuildFile; fileRef = B615602D24DB9621002B2D84 /* Assets.xcassets */; };
		B64996A124DBB23800C9CDBA /* LaunchScreen.storyboard in Resources */ = {isa = PBXBuildFile; fileRef = B615602F24DB9621002B2D84 /* LaunchScreen.storyboard */; };
		B653CC2924DBB0C600920C39 /* XCTest.framework in Embed Frameworks */ = {isa = PBXBuildFile; fileRef = B62DAE9424DBB068006DD67A /* XCTest.framework */; settings = {ATTRIBUTES = (RemoveHeadersOnCopy, ); }; };
		B66685FA24EA21000007EE5F /* GamePad.m in Sources */ = {isa = PBXBuildFile; fileRef = B66685F924EA21000007EE5F /* GamePad.m */; };
		B66685FD24EA222B0007EE5F /* GamePadDecorator.m in Sources */ = {isa = PBXBuildFile; fileRef = B66685FC24EA222B0007EE5F /* GamePadDecorator.m */; };
		B666860024EA23B10007EE5F /* CheatGamePadDecorator.m in Sources */ = {isa = PBXBuildFile; fileRef = B66685FF24EA23B10007EE5F /* CheatGamePadDecorator.m */; };
		B666860524EA631A0007EE5F /* Intermediary.m in Sources */ = {isa = PBXBuildFile; fileRef = B666860424EA631A0007EE5F /* Intermediary.m */; };
		B666860824EA63700007EE5F /* Student.m in Sources */ = {isa = PBXBuildFile; fileRef = B666860724EA63700007EE5F /* Student.m */; };
		B666860D24EA6C6F0007EE5F /* Undergraduate.m in Sources */ = {isa = PBXBuildFile; fileRef = B666860C24EA6C6F0007EE5F /* Undergraduate.m */; };
		B666861024EA6CE50007EE5F /* Volunteer.m in Sources */ = {isa = PBXBuildFile; fileRef = B666860F24EA6CE50007EE5F /* Volunteer.m */; };
		B666861424EA6E530007EE5F /* UndergraduateFactory.m in Sources */ = {isa = PBXBuildFile; fileRef = B666861324EA6E530007EE5F /* UndergraduateFactory.m */; };
		B666861724EA6F0C0007EE5F /* VolunteerFactory.m in Sources */ = {isa = PBXBuildFile; fileRef = B666861624EA6F0C0007EE5F /* VolunteerFactory.m */; };
		B670047924DBEA0B004094B7 /* CashContext.m in Sources */ = {isa = PBXBuildFile; fileRef = B670047824DBEA0B004094B7 /* CashContext.m */; };
		B670047C24DBEA55004094B7 /* CashSuper.m in Sources */ = {isa = PBXBuildFile; fileRef = B670047B24DBEA55004094B7 /* CashSuper.m */; };
		B670048224DBEBF9004094B7 /* CashNormal.m in Sources */ = {isa = PBXBuildFile; fileRef = B670048124DBEBF9004094B7 /* CashNormal.m */; };
		B670048524DBEC85004094B7 /* CashRebeat.m in Sources */ = {isa = PBXBuildFile; fileRef = B670048424DBEC85004094B7 /* CashRebeat.m */; };
		B670048824DBED69004094B7 /* CashReturn.m in Sources */ = {isa = PBXBuildFile; fileRef = B670048724DBED69004094B7 /* CashReturn.m */; };
		B6E6810E24DB9B5000A7D72A /* OperationAdd.m in Sources */ = {isa = PBXBuildFile; fileRef = B6E6810D24DB9B5000A7D72A /* OperationAdd.m */; };
/* End PBXBuildFile section */

/* Begin PBXCopyFilesBuildPhase section */
		B653CC2A24DBB0C600920C39 /* Embed Frameworks */ = {
			isa = PBXCopyFilesBuildPhase;
			buildActionMask = 2147483647;
			dstPath = "";
			dstSubfolderSpec = 10;
			files = (
				B653CC2924DBB0C600920C39 /* XCTest.framework in Embed Frameworks */,
			);
			name = "Embed Frameworks";
			runOnlyForDeploymentPostprocessing = 0;
		};
/* End PBXCopyFilesBuildPhase section */

/* Begin PBXFileReference section */
		B615601E24DB961D002B2D84 /* 大话设计模式.app */ = {isa = PBXFileReference; explicitFileType = wrapper.application; includeInIndex = 0; path = "大话设计模式.app"; sourceTree = BUILT_PRODUCTS_DIR; };
		B615602124DB961D002B2D84 /* AppDelegate.h */ = {isa = PBXFileReference; lastKnownFileType = sourcecode.c.h; path = AppDelegate.h; sourceTree = "<group>"; };
		B615602224DB961D002B2D84 /* AppDelegate.m */ = {isa = PBXFileReference; lastKnownFileType = sourcecode.c.objc; path = AppDelegate.m; sourceTree = "<group>"; };
		B615602724DB961D002B2D84 /* ViewController.h */ = {isa = PBXFileReference; lastKnownFileType = sourcecode.c.h; path = ViewController.h; sourceTree = "<group>"; };
		B615602824DB961D002B2D84 /* ViewController.m */ = {isa = PBXFileReference; lastKnownFileType = sourcecode.c.objc; path = ViewController.m; sourceTree = "<group>"; };
		B615602D24DB9621002B2D84 /* Assets.xcassets */ = {isa = PBXFileReference; lastKnownFileType = folder.assetcatalog; path = Assets.xcassets; sourceTree = "<group>"; };
		B615603024DB9621002B2D84 /* Base */ = {isa = PBXFileReference; lastKnownFileType = file.storyboard; name = Base; path = Base.lproj/LaunchScreen.storyboard; sourceTree = "<group>"; };
		B615603224DB9621002B2D84 /* Info.plist */ = {isa = PBXFileReference; lastKnownFileType = text.plist.xml; path = Info.plist; sourceTree = "<group>"; };
		B615603324DB9621002B2D84 /* main.m */ = {isa = PBXFileReference; lastKnownFileType = sourcecode.c.objc; path = main.m; sourceTree = "<group>"; };
		B615603B24DB982E002B2D84 /* Operation.h */ = {isa = PBXFileReference; lastKnownFileType = sourcecode.c.h; path = Operation.h; sourceTree = "<group>"; };
		B615603C24DB982E002B2D84 /* Operation.m */ = {isa = PBXFileReference; lastKnownFileType = sourcecode.c.objc; path = Operation.m; sourceTree = "<group>"; };
		B6273C6D24DB9D0200892311 /* OperationSub.h */ = {isa = PBXFileReference; lastKnownFileType = sourcecode.c.h; path = OperationSub.h; sourceTree = "<group>"; };
		B6273C6E24DB9D0200892311 /* OperationSub.m */ = {isa = PBXFileReference; lastKnownFileType = sourcecode.c.objc; path = OperationSub.m; sourceTree = "<group>"; };
		B6273C7024DB9D8100892311 /* OperationMul.h */ = {isa = PBXFileReference; lastKnownFileType = sourcecode.c.h; path = OperationMul.h; sourceTree = "<group>"; };
		B6273C7124DB9D8100892311 /* OperationMul.m */ = {isa = PBXFileReference; lastKnownFileType = sourcecode.c.objc; path = OperationMul.m; sourceTree = "<group>"; };
		B6273C7324DB9DE300892311 /* OperationDiv.h */ = {isa = PBXFileReference; lastKnownFileType = sourcecode.c.h; path = OperationDiv.h; sourceTree = "<group>"; };
		B6273C7424DB9DE300892311 /* OperationDiv.m */ = {isa = PBXFileReference; lastKnownFileType = sourcecode.c.objc; path = OperationDiv.m; sourceTree = "<group>"; };
		B6273C7924DB9ECB00892311 /* OperationFactory.h */ = {isa = PBXFileReference; lastKnownFileType = sourcecode.c.h; path = OperationFactory.h; sourceTree = "<group>"; };
		B6273C7A24DB9ECB00892311 /* OperationFactory.m */ = {isa = PBXFileReference; lastKnownFileType = sourcecode.c.objc; path = OperationFactory.m; sourceTree = "<group>"; };
		B62DAE9424DBB068006DD67A /* XCTest.framework */ = {isa = PBXFileReference; lastKnownFileType = wrapper.framework; name = XCTest.framework; path = Platforms/iPhoneOS.platform/Developer/Library/Frameworks/XCTest.framework; sourceTree = DEVELOPER_DIR; };
		B64996A224DBB25400C9CDBA /* UIKit.framework */ = {isa = PBXFileReference; lastKnownFileType = wrapper.framework; name = UIKit.framework; path = System/Library/Frameworks/UIKit.framework; sourceTree = SDKROOT; };
		B64996A424DBB25D00C9CDBA /* Foundation.framework */ = {isa = PBXFileReference; lastKnownFileType = wrapper.framework; name = Foundation.framework; path = Platforms/MacOSX.platform/Developer/SDKs/MacOSX10.15.sdk/System/Library/Frameworks/Foundation.framework; sourceTree = DEVELOPER_DIR; };
		B66685F824EA21000007EE5F /* GamePad.h */ = {isa = PBXFileReference; lastKnownFileType = sourcecode.c.h; path = GamePad.h; sourceTree = "<group>"; };
		B66685F924EA21000007EE5F /* GamePad.m */ = {isa = PBXFileReference; lastKnownFileType = sourcecode.c.objc; path = GamePad.m; sourceTree = "<group>"; };
		B66685FB24EA222B0007EE5F /* GamePadDecorator.h */ = {isa = PBXFileReference; lastKnownFileType = sourcecode.c.h; path = GamePadDecorator.h; sourceTree = "<group>"; };
		B66685FC24EA222B0007EE5F /* GamePadDecorator.m */ = {isa = PBXFileReference; lastKnownFileType = sourcecode.c.objc; path = GamePadDecorator.m; sourceTree = "<group>"; };
		B66685FE24EA23B10007EE5F /* CheatGamePadDecorator.h */ = {isa = PBXFileReference; lastKnownFileType = sourcecode.c.h; path = CheatGamePadDecorator.h; sourceTree = "<group>"; };
		B66685FF24EA23B10007EE5F /* CheatGamePadDecorator.m */ = {isa = PBXFileReference; lastKnownFileType = sourcecode.c.objc; path = CheatGamePadDecorator.m; sourceTree = "<group>"; };
		B666860224EA62C90007EE5F /* StudentProtocal.h */ = {isa = PBXFileReference; lastKnownFileType = sourcecode.c.h; path = StudentProtocal.h; sourceTree = "<group>"; };
		B666860324EA631A0007EE5F /* Intermediary.h */ = {isa = PBXFileReference; lastKnownFileType = sourcecode.c.h; path = Intermediary.h; sourceTree = "<group>"; };
		B666860424EA631A0007EE5F /* Intermediary.m */ = {isa = PBXFileReference; lastKnownFileType = sourcecode.c.objc; path = Intermediary.m; sourceTree = "<group>"; };
		B666860624EA63700007EE5F /* Student.h */ = {isa = PBXFileReference; lastKnownFileType = sourcecode.c.h; path = Student.h; sourceTree = "<group>"; };
		B666860724EA63700007EE5F /* Student.m */ = {isa = PBXFileReference; lastKnownFileType = sourcecode.c.objc; path = Student.m; sourceTree = "<group>"; };
		B666860A24EA6BF40007EE5F /* LeiFeng.h */ = {isa = PBXFileReference; lastKnownFileType = sourcecode.c.h; path = LeiFeng.h; sourceTree = "<group>"; };
		B666860B24EA6C6F0007EE5F /* Undergraduate.h */ = {isa = PBXFileReference; lastKnownFileType = sourcecode.c.h; path = Undergraduate.h; sourceTree = "<group>"; };
		B666860C24EA6C6F0007EE5F /* Undergraduate.m */ = {isa = PBXFileReference; lastKnownFileType = sourcecode.c.objc; path = Undergraduate.m; sourceTree = "<group>"; };
		B666860E24EA6CE50007EE5F /* Volunteer.h */ = {isa = PBXFileReference; lastKnownFileType = sourcecode.c.h; path = Volunteer.h; sourceTree = "<group>"; };
		B666860F24EA6CE50007EE5F /* Volunteer.m */ = {isa = PBXFileReference; lastKnownFileType = sourcecode.c.objc; path = Volunteer.m; sourceTree = "<group>"; };
		B666861124EA6DC10007EE5F /* LeiFengFactory.h */ = {isa = PBXFileReference; lastKnownFileType = sourcecode.c.h; path = LeiFengFactory.h; sourceTree = "<group>"; };
		B666861224EA6E530007EE5F /* UndergraduateFactory.h */ = {isa = PBXFileReference; lastKnownFileType = sourcecode.c.h; path = UndergraduateFactory.h; sourceTree = "<group>"; };
		B666861324EA6E530007EE5F /* UndergraduateFactory.m */ = {isa = PBXFileReference; lastKnownFileType = sourcecode.c.objc; path = UndergraduateFactory.m; sourceTree = "<group>"; };
		B666861524EA6F0C0007EE5F /* VolunteerFactory.h */ = {isa = PBXFileReference; lastKnownFileType = sourcecode.c.h; path = VolunteerFactory.h; sourceTree = "<group>"; };
		B666861624EA6F0C0007EE5F /* VolunteerFactory.m */ = {isa = PBXFileReference; lastKnownFileType = sourcecode.c.objc; path = VolunteerFactory.m; sourceTree = "<group>"; };
		B670047724DBEA0B004094B7 /* CashContext.h */ = {isa = PBXFileReference; lastKnownFileType = sourcecode.c.h; path = CashContext.h; sourceTree = "<group>"; };
		B670047824DBEA0B004094B7 /* CashContext.m */ = {isa = PBXFileReference; lastKnownFileType = sourcecode.c.objc; path = CashContext.m; sourceTree = "<group>"; };
		B670047A24DBEA55004094B7 /* CashSuper.h */ = {isa = PBXFileReference; lastKnownFileType = sourcecode.c.h; path = CashSuper.h; sourceTree = "<group>"; };
		B670047B24DBEA55004094B7 /* CashSuper.m */ = {isa = PBXFileReference; lastKnownFileType = sourcecode.c.objc; path = CashSuper.m; sourceTree = "<group>"; };
		B670048024DBEBF9004094B7 /* CashNormal.h */ = {isa = PBXFileReference; lastKnownFileType = sourcecode.c.h; path = CashNormal.h; sourceTree = "<group>"; };
		B670048124DBEBF9004094B7 /* CashNormal.m */ = {isa = PBXFileReference; lastKnownFileType = sourcecode.c.objc; path = CashNormal.m; sourceTree = "<group>"; };
		B670048324DBEC85004094B7 /* CashRebeat.h */ = {isa = PBXFileReference; lastKnownFileType = sourcecode.c.h; path = CashRebeat.h; sourceTree = "<group>"; };
		B670048424DBEC85004094B7 /* CashRebeat.m */ = {isa = PBXFileReference; lastKnownFileType = sourcecode.c.objc; path = CashRebeat.m; sourceTree = "<group>"; };
		B670048624DBED69004094B7 /* CashReturn.h */ = {isa = PBXFileReference; lastKnownFileType = sourcecode.c.h; path = CashReturn.h; sourceTree = "<group>"; };
		B670048724DBED69004094B7 /* CashReturn.m */ = {isa = PBXFileReference; lastKnownFileType = sourcecode.c.objc; path = CashReturn.m; sourceTree = "<group>"; };
		B6E6810C24DB9B5000A7D72A /* OperationAdd.h */ = {isa = PBXFileReference; lastKnownFileType = sourcecode.c.h; path = OperationAdd.h; sourceTree = "<group>"; };
		B6E6810D24DB9B5000A7D72A /* OperationAdd.m */ = {isa = PBXFileReference; lastKnownFileType = sourcecode.c.objc; path = OperationAdd.m; sourceTree = "<group>"; };
/* End PBXFileReference section */

/* Begin PBXFrameworksBuildPhase section */
		B615601B24DB961D002B2D84 /* Frameworks */ = {
			isa = PBXFrameworksBuildPhase;
			buildActionMask = 2147483647;
			files = (
			);
			runOnlyForDeploymentPostprocessing = 0;
		};
/* End PBXFrameworksBuildPhase section */

/* Begin PBXGroup section */
		B615601524DB961D002B2D84 = {
			isa = PBXGroup;
			children = (
				B666860924EA6BD00007EE5F /* 工厂模式 */,
				B666860124EA62680007EE5F /* 代理模式 */,
				B615603A24DB9803002B2D84 /* 简单工厂模式 */,
				B670047624DBDEA7004094B7 /* 策略模式 */,
				B66685F724EA20D50007EE5F /* 装饰模式 */,
				B615602024DB961D002B2D84 /* 大话设计模式 */,
				B615601F24DB961D002B2D84 /* Products */,
				B62DAE9324DBB068006DD67A /* Frameworks */,
			);
			sourceTree = "<group>";
		};
		B615601F24DB961D002B2D84 /* Products */ = {
			isa = PBXGroup;
			children = (
				B615601E24DB961D002B2D84 /* 大话设计模式.app */,
			);
			name = Products;
			sourceTree = "<group>";
		};
		B615602024DB961D002B2D84 /* 大话设计模式 */ = {
			isa = PBXGroup;
			children = (
				B615602124DB961D002B2D84 /* AppDelegate.h */,
				B615602224DB961D002B2D84 /* AppDelegate.m */,
				B615602724DB961D002B2D84 /* ViewController.h */,
				B615602824DB961D002B2D84 /* ViewController.m */,
				B615602D24DB9621002B2D84 /* Assets.xcassets */,
				B615602F24DB9621002B2D84 /* LaunchScreen.storyboard */,
				B615603224DB9621002B2D84 /* Info.plist */,
				B615603324DB9621002B2D84 /* main.m */,
			);
			path = "大话设计模式";
			sourceTree = "<group>";
		};
		B615603A24DB9803002B2D84 /* 简单工厂模式 */ = {
			isa = PBXGroup;
			children = (
				B615603B24DB982E002B2D84 /* Operation.h */,
				B615603C24DB982E002B2D84 /* Operation.m */,
				B6E6810C24DB9B5000A7D72A /* OperationAdd.h */,
				B6E6810D24DB9B5000A7D72A /* OperationAdd.m */,
				B6273C6D24DB9D0200892311 /* OperationSub.h */,
				B6273C6E24DB9D0200892311 /* OperationSub.m */,
				B6273C7024DB9D8100892311 /* OperationMul.h */,
				B6273C7124DB9D8100892311 /* OperationMul.m */,
				B6273C7324DB9DE300892311 /* OperationDiv.h */,
				B6273C7424DB9DE300892311 /* OperationDiv.m */,
				B6273C7924DB9ECB00892311 /* OperationFactory.h */,
				B6273C7A24DB9ECB00892311 /* OperationFactory.m */,
			);
			path = "简单工厂模式";
			sourceTree = "<group>";
		};
		B62DAE9324DBB068006DD67A /* Frameworks */ = {
			isa = PBXGroup;
			children = (
				B64996A424DBB25D00C9CDBA /* Foundation.framework */,
				B64996A224DBB25400C9CDBA /* UIKit.framework */,
				B62DAE9424DBB068006DD67A /* XCTest.framework */,
			);
			name = Frameworks;
			sourceTree = "<group>";
		};
		B66685F724EA20D50007EE5F /* 装饰模式 */ = {
			isa = PBXGroup;
			children = (
				B66685F824EA21000007EE5F /* GamePad.h */,
				B66685F924EA21000007EE5F /* GamePad.m */,
				B66685FB24EA222B0007EE5F /* GamePadDecorator.h */,
				B66685FC24EA222B0007EE5F /* GamePadDecorator.m */,
				B66685FE24EA23B10007EE5F /* CheatGamePadDecorator.h */,
				B66685FF24EA23B10007EE5F /* CheatGamePadDecorator.m */,
			);
			path = "装饰模式";
			sourceTree = "<group>";
		};
		B666860124EA62680007EE5F /* 代理模式 */ = {
			isa = PBXGroup;
			children = (
				B666860224EA62C90007EE5F /* StudentProtocal.h */,
				B666860324EA631A0007EE5F /* Intermediary.h */,
				B666860424EA631A0007EE5F /* Intermediary.m */,
				B666860624EA63700007EE5F /* Student.h */,
				B666860724EA63700007EE5F /* Student.m */,
			);
			path = "代理模式";
			sourceTree = "<group>";
		};
		B666860924EA6BD00007EE5F /* 工厂模式 */ = {
			isa = PBXGroup;
			children = (
				B666860A24EA6BF40007EE5F /* LeiFeng.h */,
				B666860B24EA6C6F0007EE5F /* Undergraduate.h */,
				B666860C24EA6C6F0007EE5F /* Undergraduate.m */,
				B666860E24EA6CE50007EE5F /* Volunteer.h */,
				B666860F24EA6CE50007EE5F /* Volunteer.m */,
				B666861124EA6DC10007EE5F /* LeiFengFactory.h */,
				B666861224EA6E530007EE5F /* UndergraduateFactory.h */,
				B666861324EA6E530007EE5F /* UndergraduateFactory.m */,
				B666861524EA6F0C0007EE5F /* VolunteerFactory.h */,
				B666861624EA6F0C0007EE5F /* VolunteerFactory.m */,
			);
			path = "工厂模式";
			sourceTree = "<group>";
		};
		B670047624DBDEA7004094B7 /* 策略模式 */ = {
			isa = PBXGroup;
			children = (
				B670047724DBEA0B004094B7 /* CashContext.h */,
				B670047824DBEA0B004094B7 /* CashContext.m */,
				B670047A24DBEA55004094B7 /* CashSuper.h */,
				B670047B24DBEA55004094B7 /* CashSuper.m */,
				B670048024DBEBF9004094B7 /* CashNormal.h */,
				B670048124DBEBF9004094B7 /* CashNormal.m */,
				B670048324DBEC85004094B7 /* CashRebeat.h */,
				B670048424DBEC85004094B7 /* CashRebeat.m */,
				B670048624DBED69004094B7 /* CashReturn.h */,
				B670048724DBED69004094B7 /* CashReturn.m */,
			);
			path = "策略模式";
			sourceTree = "<group>";
		};
/* End PBXGroup section */

/* Begin PBXNativeTarget section */
		B615601D24DB961D002B2D84 /* 大话设计模式 */ = {
			isa = PBXNativeTarget;
			buildConfigurationList = B615603724DB9621002B2D84 /* Build configuration list for PBXNativeTarget "大话设计模式" */;
			buildPhases = (
				B615601A24DB961D002B2D84 /* Sources */,
				B615601B24DB961D002B2D84 /* Frameworks */,
				B615601C24DB961D002B2D84 /* Resources */,
				B653CC2A24DBB0C600920C39 /* Embed Frameworks */,
			);
			buildRules = (
			);
			dependencies = (
			);
			name = "大话设计模式";
			productName = "大话设计模式";
			productReference = B615601E24DB961D002B2D84 /* 大话设计模式.app */;
			productType = "com.apple.product-type.application";
		};
/* End PBXNativeTarget section */

/* Begin PBXProject section */
		B615601624DB961D002B2D84 /* Project object */ = {
			isa = PBXProject;
			attributes = {
				LastUpgradeCheck = 1100;
				ORGANIZATIONNAME = "许明洋";
				TargetAttributes = {
					B615601D24DB961D002B2D84 = {
						CreatedOnToolsVersion = 11.0;
					};
				};
			};
			buildConfigurationList = B615601924DB961D002B2D84 /* Build configuration list for PBXProject "大话设计模式" */;
			compatibilityVersion = "Xcode 9.3";
			developmentRegion = en;
			hasScannedForEncodings = 0;
			knownRegions = (
				en,
				Base,
			);
			mainGroup = B615601524DB961D002B2D84;
			productRefGroup = B615601F24DB961D002B2D84 /* Products */;
			projectDirPath = "";
			projectRoot = "";
			targets = (
				B615601D24DB961D002B2D84 /* 大话设计模式 */,
			);
		};
/* End PBXProject section */

/* Begin PBXResourcesBuildPhase section */
		B615601C24DB961D002B2D84 /* Resources */ = {
			isa = PBXResourcesBuildPhase;
			buildActionMask = 2147483647;
			files = (
				B64996A024DBB23800C9CDBA /* Assets.xcassets in Resources */,
				B64996A124DBB23800C9CDBA /* LaunchScreen.storyboard in Resources */,
			);
			runOnlyForDeploymentPostprocessing = 0;
		};
/* End PBXResourcesBuildPhase section */

/* Begin PBXSourcesBuildPhase section */
		B615601A24DB961D002B2D84 /* Sources */ = {
			isa = PBXSourcesBuildPhase;
			buildActionMask = 2147483647;
			files = (
				B670047924DBEA0B004094B7 /* CashContext.m in Sources */,
				B6273C7224DB9D8100892311 /* OperationMul.m in Sources */,
				B6273C6F24DB9D0200892311 /* OperationSub.m in Sources */,
				B670048224DBEBF9004094B7 /* CashNormal.m in Sources */,
				B666860524EA631A0007EE5F /* Intermediary.m in Sources */,
				B615602924DB961D002B2D84 /* ViewController.m in Sources */,
				B670048524DBEC85004094B7 /* CashRebeat.m in Sources */,
				B615602324DB961D002B2D84 /* AppDelegate.m in Sources */,
				B666861424EA6E530007EE5F /* UndergraduateFactory.m in Sources */,
				B666860024EA23B10007EE5F /* CheatGamePadDecorator.m in Sources */,
				B615603424DB9621002B2D84 /* main.m in Sources */,
				B666861724EA6F0C0007EE5F /* VolunteerFactory.m in Sources */,
				B6273C7B24DB9ECB00892311 /* OperationFactory.m in Sources */,
				B666861024EA6CE50007EE5F /* Volunteer.m in Sources */,
				B6273C7524DB9DE300892311 /* OperationDiv.m in Sources */,
				B615603D24DB982E002B2D84 /* Operation.m in Sources */,
				B666860D24EA6C6F0007EE5F /* Undergraduate.m in Sources */,
				B6E6810E24DB9B5000A7D72A /* OperationAdd.m in Sources */,
				B666860824EA63700007EE5F /* Student.m in Sources */,
				B670048824DBED69004094B7 /* CashReturn.m in Sources */,
				B670047C24DBEA55004094B7 /* CashSuper.m in Sources */,
				B66685FA24EA21000007EE5F /* GamePad.m in Sources */,
				B66685FD24EA222B0007EE5F /* GamePadDecorator.m in Sources */,
			);
			runOnlyForDeploymentPostprocessing = 0;
		};
/* End PBXSourcesBuildPhase section */

/* Begin PBXVariantGroup section */
		B615602F24DB9621002B2D84 /* LaunchScreen.storyboard */ = {
			isa = PBXVariantGroup;
			children = (
				B615603024DB9621002B2D84 /* Base */,
			);
			name = LaunchScreen.storyboard;
			sourceTree = "<group>";
		};
/* End PBXVariantGroup section */

/* Begin XCBuildConfiguration section */
		B615603524DB9621002B2D84 /* Debug */ = {
			isa = XCBuildConfiguration;
			buildSettings = {
				ALWAYS_SEARCH_USER_PATHS = NO;
				CLANG_ANALYZER_NONNULL = YES;
				CLANG_ANALYZER_NUMBER_OBJECT_CONVERSION = YES_AGGRESSIVE;
				CLANG_CXX_LANGUAGE_STANDARD = "gnu++14";
				CLANG_CXX_LIBRARY = "libc++";
				CLANG_ENABLE_MODULES = YES;
				CLANG_ENABLE_OBJC_ARC = YES;
				CLANG_ENABLE_OBJC_WEAK = YES;
				CLANG_WARN_BLOCK_CAPTURE_AUTORELEASING = YES;
				CLANG_WARN_BOOL_CONVERSION = YES;
				CLANG_WARN_COMMA = YES;
				CLANG_WARN_CONSTANT_CONVERSION = YES;
				CLANG_WARN_DEPRECATED_OBJC_IMPLEMENTATIONS = YES;
				CLANG_WARN_DIRECT_OBJC_ISA_USAGE = YES_ERROR;
				CLANG_WARN_DOCUMENTATION_COMMENTS = YES;
				CLANG_WARN_EMPTY_BODY = YES;
				CLANG_WARN_ENUM_CONVERSION = YES;
				CLANG_WARN_INFINITE_RECURSION = YES;
				CLANG_WARN_INT_CONVERSION = YES;
				CLANG_WARN_NON_LITERAL_NULL_CONVERSION = YES;
				CLANG_WARN_OBJC_IMPLICIT_RETAIN_SELF = YES;
				CLANG_WARN_OBJC_LITERAL_CONVERSION = YES;
				CLANG_WARN_OBJC_ROOT_CLASS = YES_ERROR;
				CLANG_WARN_RANGE_LOOP_ANALYSIS = YES;
				CLANG_WARN_STRICT_PROTOTYPES = YES;
				CLANG_WARN_SUSPICIOUS_MOVE = YES;
				CLANG_WARN_UNGUARDED_AVAILABILITY = YES_AGGRESSIVE;
				CLANG_WARN_UNREACHABLE_CODE = YES;
				CLANG_WARN__DUPLICATE_METHOD_MATCH = YES;
				COPY_PHASE_STRIP = NO;
				DEBUG_INFORMATION_FORMAT = dwarf;
				ENABLE_STRICT_OBJC_MSGSEND = YES;
				ENABLE_TESTABILITY = YES;
				GCC_C_LANGUAGE_STANDARD = gnu11;
				GCC_DYNAMIC_NO_PIC = NO;
				GCC_NO_COMMON_BLOCKS = YES;
				GCC_OPTIMIZATION_LEVEL = 0;
				GCC_PREPROCESSOR_DEFINITIONS = (
					"DEBUG=1",
					"$(inherited)",
				);
				GCC_WARN_64_TO_32_BIT_CONVERSION = YES;
				GCC_WARN_ABOUT_RETURN_TYPE = YES_ERROR;
				GCC_WARN_UNDECLARED_SELECTOR = YES;
				GCC_WARN_UNINITIALIZED_AUTOS = YES_AGGRESSIVE;
				GCC_WARN_UNUSED_FUNCTION = YES;
				GCC_WARN_UNUSED_VARIABLE = YES;
				IPHONEOS_DEPLOYMENT_TARGET = 13.0;
				MTL_ENABLE_DEBUG_INFO = INCLUDE_SOURCE;
				MTL_FAST_MATH = YES;
				ONLY_ACTIVE_ARCH = YES;
				SDKROOT = iphoneos;
			};
			name = Debug;
		};
		B615603624DB9621002B2D84 /* Release */ = {
			isa = XCBuildConfiguration;
			buildSettings = {
				ALWAYS_SEARCH_USER_PATHS = NO;
				CLANG_ANALYZER_NONNULL = YES;
				CLANG_ANALYZER_NUMBER_OBJECT_CONVERSION = YES_AGGRESSIVE;
				CLANG_CXX_LANGUAGE_STANDARD = "gnu++14";
				CLANG_CXX_LIBRARY = "libc++";
				CLANG_ENABLE_MODULES = YES;
				CLANG_ENABLE_OBJC_ARC = YES;
				CLANG_ENABLE_OBJC_WEAK = YES;
				CLANG_WARN_BLOCK_CAPTURE_AUTORELEASING = YES;
				CLANG_WARN_BOOL_CONVERSION = YES;
				CLANG_WARN_COMMA = YES;
				CLANG_WARN_CONSTANT_CONVERSION = YES;
				CLANG_WARN_DEPRECATED_OBJC_IMPLEMENTATIONS = YES;
				CLANG_WARN_DIRECT_OBJC_ISA_USAGE = YES_ERROR;
				CLANG_WARN_DOCUMENTATION_COMMENTS = YES;
				CLANG_WARN_EMPTY_BODY = YES;
				CLANG_WARN_ENUM_CONVERSION = YES;
				CLANG_WARN_INFINITE_RECURSION = YES;
				CLANG_WARN_INT_CONVERSION = YES;
				CLANG_WARN_NON_LITERAL_NULL_CONVERSION = YES;
				CLANG_WARN_OBJC_IMPLICIT_RETAIN_SELF = YES;
				CLANG_WARN_OBJC_LITERAL_CONVERSION = YES;
				CLANG_WARN_OBJC_ROOT_CLASS = YES_ERROR;
				CLANG_WARN_RANGE_LOOP_ANALYSIS = YES;
				CLANG_WARN_STRICT_PROTOTYPES = YES;
				CLANG_WARN_SUSPICIOUS_MOVE = YES;
				CLANG_WARN_UNGUARDED_AVAILABILITY = YES_AGGRESSIVE;
				CLANG_WARN_UNREACHABLE_CODE = YES;
				CLANG_WARN__DUPLICATE_METHOD_MATCH = YES;
				COPY_PHASE_STRIP = NO;
				DEBUG_INFORMATION_FORMAT = "dwarf-with-dsym";
				ENABLE_NS_ASSERTIONS = NO;
				ENABLE_STRICT_OBJC_MSGSEND = YES;
				GCC_C_LANGUAGE_STANDARD = gnu11;
				GCC_NO_COMMON_BLOCKS = YES;
				GCC_WARN_64_TO_32_BIT_CONVERSION = YES;
				GCC_WARN_ABOUT_RETURN_TYPE = YES_ERROR;
				GCC_WARN_UNDECLARED_SELECTOR = YES;
				GCC_WARN_UNINITIALIZED_AUTOS = YES_AGGRESSIVE;
				GCC_WARN_UNUSED_FUNCTION = YES;
				GCC_WARN_UNUSED_VARIABLE = YES;
				IPHONEOS_DEPLOYMENT_TARGET = 13.0;
				MTL_ENABLE_DEBUG_INFO = NO;
				MTL_FAST_MATH = YES;
				SDKROOT = iphoneos;
				VALIDATE_PRODUCT = YES;
			};
			name = Release;
		};
		B615603824DB9621002B2D84 /* Debug */ = {
			isa = XCBuildConfiguration;
			buildSettings = {
				ASSETCATALOG_COMPILER_APPICON_NAME = AppIcon;
				CODE_SIGN_STYLE = Automatic;
				DEVELOPMENT_TEAM = NC2M6D7A5Q;
				INFOPLIST_FILE = "大话设计模式/Info.plist";
				LD_RUNPATH_SEARCH_PATHS = (
					"$(inherited)",
					"@executable_path/Frameworks",
				);
				PRODUCT_BUNDLE_IDENTIFIER = "com.greatyun.------";
				PRODUCT_NAME = "$(TARGET_NAME)";
				TARGETED_DEVICE_FAMILY = "1,2";
			};
			name = Debug;
		};
		B615603924DB9621002B2D84 /* Release */ = {
			isa = XCBuildConfiguration;
			buildSettings = {
				ASSETCATALOG_COMPILER_APPICON_NAME = AppIcon;
				CODE_SIGN_STYLE = Automatic;
				DEVELOPMENT_TEAM = NC2M6D7A5Q;
				INFOPLIST_FILE = "大话设计模式/Info.plist";
				LD_RUNPATH_SEARCH_PATHS = (
					"$(inherited)",
					"@executable_path/Frameworks",
				);
				PRODUCT_BUNDLE_IDENTIFIER = "com.greatyun.------";
				PRODUCT_NAME = "$(TARGET_NAME)";
				TARGETED_DEVICE_FAMILY = "1,2";
			};
			name = Release;
		};
/* End XCBuildConfiguration section */

/* Begin XCConfigurationList section */
		B615601924DB961D002B2D84 /* Build configuration list for PBXProject "大话设计模式" */ = {
			isa = XCConfigurationList;
			buildConfigurations = (
				B615603524DB9621002B2D84 /* Debug */,
				B615603624DB9621002B2D84 /* Release */,
			);
			defaultConfigurationIsVisible = 0;
			defaultConfigurationName = Release;
		};
		B615603724DB9621002B2D84 /* Build configuration list for PBXNativeTarget "大话设计模式" */ = {
			isa = XCConfigurationList;
			buildConfigurations = (
				B615603824DB9621002B2D84 /* Debug */,
				B615603924DB9621002B2D84 /* Release */,
			);
			defaultConfigurationIsVisible = 0;
			defaultConfigurationName = Release;
		};
/* End XCConfigurationList section */
	};
	rootObject = B615601624DB961D002B2D84 /* Project object */;
}
